
Microsoft Visual Studio Solution File, Format Version 12.00
# Visual Studio 15
VisualStudioVersion = 15.0.27130.2024
MinimumVisualStudioVersion = 10.0.40219.1
Project("{9A19103F-16F7-4668-BE54-9A1E7A4F7556}") = "hashstream.bitcoin-lib", "hashstream.bitcoin-lib\hashstream.bitcoin-lib.csproj", "{9F0B83A9-8C1F-4576-BB6B-2C9DBD3C4F76}"
EndProject
Project("{9A19103F-16F7-4668-BE54-9A1E7A4F7556}") = "hashstream.bitcoin-node", "hashstream.bitcoin-node\hashstream.bitcoin-node.csproj", "{8543038A-F5F7-4429-9F27-A8A36ADB3DC0}"
EndProject
Project("{9A19103F-16F7-4668-BE54-9A1E7A4F7556}") = "hashstream.nodes", "hashstream.nodes\hashstream.nodes.csproj", "{A299C311-96FE-49C3-BA69-E27D02D760DD}"
EndProject
Project("{9A19103F-16F7-4668-BE54-9A1E7A4F7556}") = "lib-test", "lib-test\lib-test.csproj", "{D0048D87-095F-472D-8FB6-6D3F0588588D}"
EndProject
Project("{FAE04EC0-301F-11D3-BF4B-00C04F79EFBC}") = "hashstream.bitcoin-node-lib", "hashstream.bitcoin-node-lib\hashstream.bitcoin-node-lib.csproj", "{27CA2244-5511-4894-926C-FF109A29B8C7}"
EndProject
Global
	GlobalSection(SolutionConfigurationPlatforms) = preSolution
		Debug|Any CPU = Debug|Any CPU
		Debug|x64 = Debug|x64
		Release|Any CPU = Release|Any CPU
		Release|x64 = Release|x64
	EndGlobalSection
	GlobalSection(ProjectConfigurationPlatforms) = postSolution
		{9F0B83A9-8C1F-4576-BB6B-2C9DBD3C4F76}.Debug|Any CPU.ActiveCfg = Debug|Any CPU
		{9F0B83A9-8C1F-4576-BB6B-2C9DBD3C4F76}.Debug|Any CPU.Build.0 = Debug|Any CPU
		{9F0B83A9-8C1F-4576-BB6B-2C9DBD3C4F76}.Debug|x64.ActiveCfg = Debug|x64
		{9F0B83A9-8C1F-4576-BB6B-2C9DBD3C4F76}.Debug|x64.Build.0 = Debug|x64
		{9F0B83A9-8C1F-4576-BB6B-2C9DBD3C4F76}.Release|Any CPU.ActiveCfg = Release|Any CPU
		{9F0B83A9-8C1F-4576-BB6B-2C9DBD3C4F76}.Release|Any CPU.Build.0 = Release|Any CPU
		{9F0B83A9-8C1F-4576-BB6B-2C9DBD3C4F76}.Release|x64.ActiveCfg = Release|x64
		{9F0B83A9-8C1F-4576-BB6B-2C9DBD3C4F76}.Release|x64.Build.0 = Release|x64
		{8543038A-F5F7-4429-9F27-A8A36ADB3DC0}.Debug|Any CPU.ActiveCfg = Debug|Any CPU
		{8543038A-F5F7-4429-9F27-A8A36ADB3DC0}.Debug|Any CPU.Build.0 = Debug|Any CPU
		{8543038A-F5F7-4429-9F27-A8A36ADB3DC0}.Debug|x64.ActiveCfg = Debug|x64
		{8543038A-F5F7-4429-9F27-A8A36ADB3DC0}.Debug|x64.Build.0 = Debug|x64
		{8543038A-F5F7-4429-9F27-A8A36ADB3DC0}.Release|Any CPU.ActiveCfg = Release|Any CPU
		{8543038A-F5F7-4429-9F27-A8A36ADB3DC0}.Release|Any CPU.Build.0 = Release|Any CPU
		{8543038A-F5F7-4429-9F27-A8A36ADB3DC0}.Release|x64.ActiveCfg = Release|x64
		{8543038A-F5F7-4429-9F27-A8A36ADB3DC0}.Release|x64.Build.0 = Release|x64
		{A299C311-96FE-49C3-BA69-E27D02D760DD}.Debug|Any CPU.ActiveCfg = Debug|Any CPU
		{A299C311-96FE-49C3-BA69-E27D02D760DD}.Debug|Any CPU.Build.0 = Debug|Any CPU
		{A299C311-96FE-49C3-BA69-E27D02D760DD}.Debug|x64.ActiveCfg = Debug|x64
		{A299C311-96FE-49C3-BA69-E27D02D760DD}.Debug|x64.Build.0 = Debug|x64
		{A299C311-96FE-49C3-BA69-E27D02D760DD}.Release|Any CPU.ActiveCfg = Release|Any CPU
		{A299C311-96FE-49C3-BA69-E27D02D760DD}.Release|Any CPU.Build.0 = Release|Any CPU
		{A299C311-96FE-49C3-BA69-E27D02D760DD}.Release|x64.ActiveCfg = Release|x64
		{A299C311-96FE-49C3-BA69-E27D02D760DD}.Release|x64.Build.0 = Release|x64
		{D0048D87-095F-472D-8FB6-6D3F0588588D}.Debug|Any CPU.ActiveCfg = Debug|Any CPU
		{D0048D87-095F-472D-8FB6-6D3F0588588D}.Debug|Any CPU.Build.0 = Debug|Any CPU
		{D0048D87-095F-472D-8FB6-6D3F0588588D}.Debug|x64.ActiveCfg = Debug|x64
		{D0048D87-095F-472D-8FB6-6D3F0588588D}.Debug|x64.Build.0 = Debug|x64
		{D0048D87-095F-472D-8FB6-6D3F0588588D}.Release|Any CPU.ActiveCfg = Release|Any CPU
		{D0048D87-095F-472D-8FB6-6D3F0588588D}.Release|Any CPU.Build.0 = Release|Any CPU
		{D0048D87-095F-472D-8FB6-6D3F0588588D}.Release|x64.ActiveCfg = Release|x64
		{D0048D87-095F-472D-8FB6-6D3F0588588D}.Release|x64.Build.0 = Release|x64
		{27CA2244-5511-4894-926C-FF109A29B8C7}.Debug|Any CPU.ActiveCfg = Debug|Any CPU
		{27CA2244-5511-4894-926C-FF109A29B8C7}.Debug|Any CPU.Build.0 = Debug|Any CPU
		{27CA2244-5511-4894-926C-FF109A29B8C7}.Debug|x64.ActiveCfg = Debug|Any CPU
		{27CA2244-5511-4894-926C-FF109A29B8C7}.Debug|x64.Build.0 = Debug|Any CPU
		{27CA2244-5511-4894-926C-FF109A29B8C7}.Release|Any CPU.ActiveCfg = Release|Any CPU
		{27CA2244-5511-4894-926C-FF109A29B8C7}.Release|Any CPU.Build.0 = Release|Any CPU
		{27CA2244-5511-4894-926C-FF109A29B8C7}.Release|x64.ActiveCfg = Release|Any CPU
		{27CA2244-5511-4894-926C-FF109A29B8C7}.Release|x64.Build.0 = Release|Any CPU
	EndGlobalSection
	GlobalSection(SolutionProperties) = preSolution
		HideSolutionNode = FALSE
	EndGlobalSection
	GlobalSection(ExtensibilityGlobals) = postSolution
		SolutionGuid = {697A6017-A2C1-45FE-B6D5-8250B7680FDE}
	EndGlobalSection
EndGlobal
